{
  "lockfileVersion": 1,
  "configVersion": 0,
  "workspaces": {
    "": {
      "name": "@fairfox/web-ext-monorepo",
      "dependencies": {
        "@preact/signals": "^2.5.1",
        "preact": "^10.28.1",
        "serialize-javascript": "^6.0.2",
        "ts-morph": "^21.0.1",
      },
      "devDependencies": {
        "@biomejs/biome": "^2.3.10",
        "@elysiajs/eden": "^1.2.0",
        "@types/bun": "^1.3.5",
        "@types/chrome": "^0.1.32",
        "@types/serialize-javascript": "^5.0.4",
        "elysia": "^1.4.28",
        "fast-check": "^3.23.2",
        "typescript": "^5.9.3",
      },
      "peerDependencies": {
        "@elysiajs/eden": ">= 1.2.0",
        "@preact/signals": "^2.5.1",
        "elysia": ">= 1.4.0",
        "preact": "^10.28.1",
        "typescript": "^5.9.3",
      },
      "optionalPeers": [
        "@elysiajs/eden",
        "elysia",
      ],
    },
    "tests": {
      "name": "@fairfox/polly-tests",
      "version": "0.1.0",
      "devDependencies": {
        "@types/bun": "^1.3.5",
        "@types/chrome": "^0.1.32",
        "@types/node": "^25.0.3",
        "typescript": "^5.9.3",
      },
    },
  },
  "packages": {
    "@biomejs/biome": ["@biomejs/biome@2.4.8", "", { "optionalDependencies": { "@biomejs/cli-darwin-arm64": "2.4.8", "@biomejs/cli-darwin-x64": "2.4.8", "@biomejs/cli-linux-arm64": "2.4.8", "@biomejs/cli-linux-arm64-musl": "2.4.8", "@biomejs/cli-linux-x64": "2.4.8", "@biomejs/cli-linux-x64-musl": "2.4.8", "@biomejs/cli-win32-arm64": "2.4.8", "@biomejs/cli-win32-x64": "2.4.8" }, "bin": { "biome": "bin/biome" } }, "sha512-ponn0oKOky1oRXBV+rlSaUlixUxf1aZvWC19Z41zBfUOUesthrQqL3OtiAlSB1EjFjyWpn98Q64DHelhA6jNlA=="],

    "@biomejs/cli-darwin-arm64": ["@biomejs/cli-darwin-arm64@2.4.8", "", { "os": "darwin", "cpu": "arm64" }, "sha512-ARx0tECE8I7S2C2yjnWYLNbBdDoPdq3oyNLhMglmuctThwUsuzFWRKrHmIGwIRWKz0Mat9DuzLEDp52hGnrxGQ=="],

    "@biomejs/cli-darwin-x64": ["@biomejs/cli-darwin-x64@2.4.8", "", { "os": "darwin", "cpu": "x64" }, "sha512-Jg9/PsB9vDCJlANE8uhG7qDhb5w0Ix69D7XIIc8IfZPUoiPrbLm33k2Ig3NOJ/7nb3UbesFz3D1aDKm9DvzjhQ=="],

    "@biomejs/cli-linux-arm64": ["@biomejs/cli-linux-arm64@2.4.8", "", { "os": "linux", "cpu": "arm64" }, "sha512-5CdrsJct76XG2hpKFwXnEtlT1p+4g4yV+XvvwBpzKsTNLO9c6iLlAxwcae2BJ7ekPGWjNGw9j09T5KGPKKxQig=="],

    "@biomejs/cli-linux-arm64-musl": ["@biomejs/cli-linux-arm64-musl@2.4.8", "", { "os": "linux", "cpu": "arm64" }, "sha512-Zo9OhBQDJ3IBGPlqHiTISloo5H0+FBIpemqIJdW/0edJ+gEcLR+MZeZozcUyz3o1nXkVA7++DdRKQT0599j9jA=="],

    "@biomejs/cli-linux-x64": ["@biomejs/cli-linux-x64@2.4.8", "", { "os": "linux", "cpu": "x64" }, "sha512-PdKXspVEaMCQLjtZCn6vfSck/li4KX9KGwSDbZdgIqlrizJ2MnMcE3TvHa2tVfXNmbjMikzcfJpuPWH695yJrw=="],

    "@biomejs/cli-linux-x64-musl": ["@biomejs/cli-linux-x64-musl@2.4.8", "", { "os": "linux", "cpu": "x64" }, "sha512-Gi8quv8MEuDdKaPFtS2XjEnMqODPsRg6POT6KhoP+VrkNb+T2ywunVB+TvOU0LX1jAZzfBr+3V1mIbBhzAMKvw=="],

    "@biomejs/cli-win32-arm64": ["@biomejs/cli-win32-arm64@2.4.8", "", { "os": "win32", "cpu": "arm64" }, "sha512-LoFatS0tnHv6KkCVpIy3qZCih+MxUMvdYiPWLHRri7mhi2vyOOs8OrbZBcLTUEWCS+ktO72nZMy4F96oMhkOHQ=="],

    "@biomejs/cli-win32-x64": ["@biomejs/cli-win32-x64@2.4.8", "", { "os": "win32", "cpu": "x64" }, "sha512-vAn7iXDoUbqFXqVocuq1sMYAd33p8+mmurqJkWl6CtIhobd/O6moe4rY5AJvzbunn/qZCdiDVcveqtkFh1e7Hg=="],

    "@borewit/text-codec": ["@borewit/text-codec@0.2.1", "", {}, "sha512-k7vvKPbf7J2fZ5klGRD9AeKfUvojuZIQ3BT5u7Jfv+puwXkUBUT5PVyMDfJZpy30CBDXGMgw7fguK/lpOMBvgw=="],

    "@elysiajs/eden": ["@elysiajs/eden@1.4.8", "", { "peerDependencies": { "elysia": ">=1.4.19" } }, "sha512-a7oct2kFa49tH+GawZtSUCZR2rQgucNYgGLz8alXUqb4IrU3PASA0T4zXJw4MhdV1Xb6vyiR7p7kkqJcVjgbkA=="],

    "@fairfox/polly-tests": ["@fairfox/polly-tests@workspace:tests"],

    "@nodelib/fs.scandir": ["@nodelib/fs.scandir@2.1.5", "", { "dependencies": { "@nodelib/fs.stat": "2.0.5", "run-parallel": "^1.1.9" } }, "sha512-vq24Bq3ym5HEQm2NKCr3yXDwjc7vTsEThRDnkp2DK9p1uqLR+DHurm/NOTo0KG7HYHU7eppKZj3MyqYuMBf62g=="],

    "@nodelib/fs.stat": ["@nodelib/fs.stat@2.0.5", "", {}, "sha512-RkhPPp2zrqDAQA/2jNhnztcPAlv64XdhIp7a7454A5ovI7Bukxgt7MX7udwAu3zg1DcpPU0rz3VV1SeaqvY4+A=="],

    "@nodelib/fs.walk": ["@nodelib/fs.walk@1.2.8", "", { "dependencies": { "@nodelib/fs.scandir": "2.1.5", "fastq": "^1.6.0" } }, "sha512-oGB+UxlgWcgQkgwo8GcEGwemoTFt3FIO9ababBmaGwXIoBKZ+GTy0pP185beGg7Llih/NSHSV2XAs1lnznocSg=="],

    "@preact/signals": ["@preact/signals@2.8.2", "", { "dependencies": { "@preact/signals-core": "^1.14.0" }, "peerDependencies": { "preact": ">= 10.25.0 || >=11.0.0-0" } }, "sha512-gym5yoa64c+0w2kL7zRAAjY548qzWXbbuOfjsK9F1nWrEqooDwyWnih5SNdonjhQSp27zUqYh7UrxIRnkCyFCA=="],

    "@preact/signals-core": ["@preact/signals-core@1.14.0", "", {}, "sha512-AowtCcCU/33lFlh1zRFf/u+12rfrhtNakj7UpaGEsmMwUKpKWMVvcktOGcwBBNiB4lWrZWc01LhiyyzVklJyaQ=="],

    "@sinclair/typebox": ["@sinclair/typebox@0.34.47", "", {}, "sha512-ZGIBQ+XDvO5JQku9wmwtabcVTHJsgSWAHYtVuM9pBNNR5E88v6Jcj/llpmsjivig5X8A8HHOb4/mbEKPS5EvAw=="],

    "@tokenizer/inflate": ["@tokenizer/inflate@0.4.1", "", { "dependencies": { "debug": "^4.4.3", "token-types": "^6.1.1" } }, "sha512-2mAv+8pkG6GIZiF1kNg1jAjh27IDxEPKwdGul3snfztFerfPGI1LjDezZp3i7BElXompqEtPmoPx6c2wgtWsOA=="],

    "@tokenizer/token": ["@tokenizer/token@0.3.0", "", {}, "sha512-OvjF+z51L3ov0OyAU0duzsYuvO01PH7x4t6DJx+guahgTnBHkhJdG7soQeTSFLWN3efnHyibZ4Z8l2EuWwJN3A=="],

    "@ts-morph/common": ["@ts-morph/common@0.22.0", "", { "dependencies": { "fast-glob": "^3.3.2", "minimatch": "^9.0.3", "mkdirp": "^3.0.1", "path-browserify": "^1.0.1" } }, "sha512-HqNBuV/oIlMKdkLshXd1zKBqNQCsuPEsgQOkfFQ/eUKjRlwndXW1AjN9LVkBEIukm00gGXSRmfkl0Wv5VXLnlw=="],

    "@types/bun": ["@types/bun@1.3.10", "", { "dependencies": { "bun-types": "1.3.10" } }, "sha512-0+rlrUrOrTSskibryHbvQkDOWRJwJZqZlxrUs1u4oOoTln8+WIXBPmAuCF35SWB2z4Zl3E84Nl/D0P7803nigQ=="],

    "@types/chrome": ["@types/chrome@0.1.38", "", { "dependencies": { "@types/filesystem": "*", "@types/har-format": "*" } }, "sha512-5aK4m9wZqoWAoB98aElESLm/5pXpqJnFWMNoiCs/XdPsXR6wNdVkJFSdQ9Wr4PnTuUrxD0SuNuDHh3EG5QeBzA=="],

    "@types/filesystem": ["@types/filesystem@0.0.36", "", { "dependencies": { "@types/filewriter": "*" } }, "sha512-vPDXOZuannb9FZdxgHnqSwAG/jvdGM8Wq+6N4D/d80z+D4HWH+bItqsZaVRQykAn6WEVeEkLm2oQigyHtgb0RA=="],

    "@types/filewriter": ["@types/filewriter@0.0.33", "", {}, "sha512-xFU8ZXTw4gd358lb2jw25nxY9QAgqn2+bKKjKOYfNCzN4DKCFetK7sPtrlpg66Ywe3vWY9FNxprZawAh9wfJ3g=="],

    "@types/har-format": ["@types/har-format@1.2.16", "", {}, "sha512-fluxdy7ryD3MV6h8pTfTYpy/xQzCFC7m89nOH9y94cNqJ1mDIDPut7MnRHI3F6qRmh/cT2fUjG1MLdCNb4hE9A=="],

    "@types/node": ["@types/node@25.0.3", "", { "dependencies": { "undici-types": "~7.16.0" } }, "sha512-W609buLVRVmeW693xKfzHeIV6nJGGz98uCPfeXI1ELMLXVeKYZ9m15fAMSaUPBHYLGFsVRcMmSCksQOrZV9BYA=="],

    "@types/serialize-javascript": ["@types/serialize-javascript@5.0.4", "", {}, "sha512-Z2R7UKFuNWCP8eoa2o9e5rkD3hmWxx/1L0CYz0k2BZzGh0PhEVMp9kfGiqEml/0IglwNERXZ2hwNzIrSz/KHTA=="],

    "balanced-match": ["balanced-match@1.0.2", "", {}, "sha512-3oSeUO0TMV67hN1AmbXsK4yaqU7tjiHlbxRDZOpH0KW9+CeX4bRAaX0Anxt0tx2MrpRpWwQaPwIlISEJhYU5Pw=="],

    "brace-expansion": ["brace-expansion@2.0.2", "", { "dependencies": { "balanced-match": "^1.0.0" } }, "sha512-Jt0vHyM+jmUBqojB7E1NIYadt0vI0Qxjxd2TErW94wDz+E2LAm5vKMXXwg6ZZBTHPuUlDgQHKXvjGBdfcF1ZDQ=="],

    "braces": ["braces@3.0.3", "", { "dependencies": { "fill-range": "^7.1.1" } }, "sha512-yQbXgO/OSZVD2IsiLlro+7Hf6Q18EJrKSEsdoMzKePKXct3gvD8oLcOQdIzGupr5Fj+EDe8gO/lxc1BzfMpxvA=="],

    "bun-types": ["bun-types@1.3.10", "", { "dependencies": { "@types/node": "*" } }, "sha512-tcpfCCl6XWo6nCVnpcVrxQ+9AYN1iqMIzgrSKYMB/fjLtV2eyAVEg7AxQJuCq/26R6HpKWykQXuSOq/21RYcbg=="],

    "code-block-writer": ["code-block-writer@12.0.0", "", {}, "sha512-q4dMFMlXtKR3XNBHyMHt/3pwYNA69EDk00lloMOaaUMKPUXBw6lpXtbu3MMVG6/uOihGnRDOlkyqsONEUj60+w=="],

    "cookie": ["cookie@1.1.1", "", {}, "sha512-ei8Aos7ja0weRpFzJnEA9UHJ/7XQmqglbRwnf2ATjcB9Wq874VKH9kfjjirM6UhU2/E5fFYadylyhFldcqSidQ=="],

    "debug": ["debug@4.4.3", "", { "dependencies": { "ms": "^2.1.3" } }, "sha512-RGwwWnwQvkVfavKVt22FGLw+xYSdzARwm0ru6DhTVA3umU5hZc28V3kO4stgYryrTlLpuvgI9GiijltAjNbcqA=="],

    "elysia": ["elysia@1.4.28", "", { "dependencies": { "cookie": "^1.1.1", "exact-mirror": "^0.2.7", "fast-decode-uri-component": "^1.0.1", "memoirist": "^0.4.0" }, "peerDependencies": { "@sinclair/typebox": ">= 0.34.0 < 1", "@types/bun": ">= 1.2.0", "file-type": ">= 20.0.0", "openapi-types": ">= 12.0.0", "typescript": ">= 5.0.0" }, "optionalPeers": ["@types/bun", "typescript"] }, "sha512-Vrx8sBnvq8squS/3yNBzR1jBXI+SgmnmvwawPjNuEHndUe5l1jV2Gp6JJ4ulDkEB8On6bWmmuyPpA+bq4t+WYg=="],

    "exact-mirror": ["exact-mirror@0.2.7", "", { "peerDependencies": { "@sinclair/typebox": "^0.34.15" }, "optionalPeers": ["@sinclair/typebox"] }, "sha512-+MeEmDcLA4o/vjK2zujgk+1VTxPR4hdp23qLqkWfStbECtAq9gmsvQa3LW6z/0GXZyHJobrCnmy1cdeE7BjsYg=="],

    "fast-check": ["fast-check@3.23.2", "", { "dependencies": { "pure-rand": "^6.1.0" } }, "sha512-h5+1OzzfCC3Ef7VbtKdcv7zsstUQwUDlYpUTvjeUsJAssPgLn7QzbboPtL5ro04Mq0rPOsMzl7q5hIbRs2wD1A=="],

    "fast-decode-uri-component": ["fast-decode-uri-component@1.0.1", "", {}, "sha512-WKgKWg5eUxvRZGwW8FvfbaH7AXSh2cL+3j5fMGzUMCxWBJ3dV3a7Wz8y2f/uQ0e3B6WmodD3oS54jTQ9HVTIIg=="],

    "fast-glob": ["fast-glob@3.3.3", "", { "dependencies": { "@nodelib/fs.stat": "^2.0.2", "@nodelib/fs.walk": "^1.2.3", "glob-parent": "^5.1.2", "merge2": "^1.3.0", "micromatch": "^4.0.8" } }, "sha512-7MptL8U0cqcFdzIzwOTHoilX9x5BrNqye7Z/LuC7kCMRio1EMSyqRK3BEAUD7sXRq4iT4AzTVuZdhgQ2TCvYLg=="],

    "fastq": ["fastq@1.19.1", "", { "dependencies": { "reusify": "^1.0.4" } }, "sha512-GwLTyxkCXjXbxqIhTsMI2Nui8huMPtnxg7krajPJAjnEG/iiOS7i+zCtWGZR9G0NBKbXKh6X9m9UIsYX/N6vvQ=="],

    "file-type": ["file-type@21.3.0", "", { "dependencies": { "@tokenizer/inflate": "^0.4.1", "strtok3": "^10.3.4", "token-types": "^6.1.1", "uint8array-extras": "^1.4.0" } }, "sha512-8kPJMIGz1Yt/aPEwOsrR97ZyZaD1Iqm8PClb1nYFclUCkBi0Ma5IsYNQzvSFS9ib51lWyIw5mIT9rWzI/xjpzA=="],

    "fill-range": ["fill-range@7.1.1", "", { "dependencies": { "to-regex-range": "^5.0.1" } }, "sha512-YsGpe3WHLK8ZYi4tWDg2Jy3ebRz2rXowDxnld4bkQB00cc/1Zw9AWnC0i9ztDJitivtQvaI9KaLyKrc+hBW0yg=="],

    "glob-parent": ["glob-parent@5.1.2", "", { "dependencies": { "is-glob": "^4.0.1" } }, "sha512-AOIgSQCepiJYwP3ARnGx+5VnTu2HBYdzbGP45eLw1vr3zB3vZLeyed1sC9hnbcOc9/SrMyM5RPQrkGz4aS9Zow=="],

    "ieee754": ["ieee754@1.2.1", "", {}, "sha512-dcyqhDvX1C46lXZcVqCpK+FtMRQVdIMN6/Df5js2zouUsqG7I6sFxitIC+7KYK29KdXOLHdu9zL4sFnoVQnqaA=="],

    "is-extglob": ["is-extglob@2.1.1", "", {}, "sha512-SbKbANkN603Vi4jEZv49LeVJMn4yGwsbzZworEoyEiutsN3nJYdbO36zfhGJ6QEDpOZIFkDtnq5JRxmvl3jsoQ=="],

    "is-glob": ["is-glob@4.0.3", "", { "dependencies": { "is-extglob": "^2.1.1" } }, "sha512-xelSayHH36ZgE7ZWhli7pW34hNbNl8Ojv5KVmkJD4hBdD3th8Tfk9vYasLM+mXWOZhFkgZfxhLSnrwRr4elSSg=="],

    "is-number": ["is-number@7.0.0", "", {}, "sha512-41Cifkg6e8TylSpdtTpeLVMqvSBEVzTttHvERD741+pnZ8ANv0004MRL43QKPDlK9cGvNp6NZWZUBlbGXYxxng=="],

    "memoirist": ["memoirist@0.4.0", "", {}, "sha512-zxTgA0mSYELa66DimuNQDvyLq36AwDlTuVRbnQtB+VuTcKWm5Qc4z3WkSpgsFWHNhexqkIooqpv4hdcqrX5Nmg=="],

    "merge2": ["merge2@1.4.1", "", {}, "sha512-8q7VEgMJW4J8tcfVPy8g09NcQwZdbwFEqhe/WZkoIzjn/3TGDwtOCYtXGxA3O8tPzpczCCDgv+P2P5y00ZJOOg=="],

    "micromatch": ["micromatch@4.0.8", "", { "dependencies": { "braces": "^3.0.3", "picomatch": "^2.3.1" } }, "sha512-PXwfBhYu0hBCPw8Dn0E+WDYb7af3dSLVWKi3HGv84IdF4TyFoC0ysxFd0Goxw7nSv4T/PzEJQxsYsEiFCKo2BA=="],

    "minimatch": ["minimatch@9.0.5", "", { "dependencies": { "brace-expansion": "^2.0.1" } }, "sha512-G6T0ZX48xgozx7587koeX9Ys2NYy6Gmv//P89sEte9V9whIapMNF4idKxnW2QtCcLiTWlb/wfCabAtAFWhhBow=="],

    "mkdirp": ["mkdirp@3.0.1", "", { "bin": { "mkdirp": "dist/cjs/src/bin.js" } }, "sha512-+NsyUUAZDmo6YVHzL/stxSu3t9YS1iljliy3BSDrXJ/dkn1KYdmtZODGGjLcc9XLgVVpH4KshHB8XmZgMhaBXg=="],

    "ms": ["ms@2.1.3", "", {}, "sha512-6FlzubTLZG3J2a/NVCAleEhjzq5oxgHyaCU9yYXvcLsvoVaHJq/s5xXI6/XXP6tz7R9xAOtHnSO/tXtF3WRTlA=="],

    "openapi-types": ["openapi-types@12.1.3", "", {}, "sha512-N4YtSYJqghVu4iek2ZUvcN/0aqH1kRDuNqzcycDxhOUpg7GdvLa2F3DgS6yBNhInhv2r/6I0Flkn7CqL8+nIcw=="],

    "path-browserify": ["path-browserify@1.0.1", "", {}, "sha512-b7uo2UCUOYZcnF/3ID0lulOJi/bafxa1xPe7ZPsammBSpjSWQkjNxlt635YGS2MiR9GjvuXCtz2emr3jbsz98g=="],

    "picomatch": ["picomatch@2.3.1", "", {}, "sha512-JU3teHTNjmE2VCGFzuY8EXzCDVwEqB2a8fsIvwaStHhAWJEeVd1o1QD80CU6+ZdEXXSLbSsuLwJjkCBWqRQUVA=="],

    "preact": ["preact@10.29.0", "", {}, "sha512-wSAGyk2bYR1c7t3SZ3jHcM6xy0lcBcDel6lODcs9ME6Th++Dx2KU+6D3HD8wMMKGA8Wpw7OMd3/4RGzYRpzwRg=="],

    "pure-rand": ["pure-rand@6.1.0", "", {}, "sha512-bVWawvoZoBYpp6yIoQtQXHZjmz35RSVHnUOTefl8Vcjr8snTPY1wnpSPMWekcFwbxI6gtmT7rSYPFvz71ldiOA=="],

    "queue-microtask": ["queue-microtask@1.2.3", "", {}, "sha512-NuaNSa6flKT5JaSYQzJok04JzTL1CA6aGhv5rfLW3PgqA+M2ChpZQnAC8h8i4ZFkBS8X5RqkDBHA7r4hej3K9A=="],

    "randombytes": ["randombytes@2.1.0", "", { "dependencies": { "safe-buffer": "^5.1.0" } }, "sha512-vYl3iOX+4CKUWuxGi9Ukhie6fsqXqS9FE2Zaic4tNFD2N2QQaXOMFbuKK4QmDHC0JO6B1Zp41J0LpT0oR68amQ=="],

    "reusify": ["reusify@1.1.0", "", {}, "sha512-g6QUff04oZpHs0eG5p83rFLhHeV00ug/Yf9nZM6fLeUrPguBTkTQOdpAWWspMh55TZfVQDPaN3NQJfbVRAxdIw=="],

    "run-parallel": ["run-parallel@1.2.0", "", { "dependencies": { "queue-microtask": "^1.2.2" } }, "sha512-5l4VyZR86LZ/lDxZTR6jqL8AFE2S0IFLMP26AbjsLVADxHdhB/c0GUsH+y39UfCi3dzz8OlQuPmnaJOMoDHQBA=="],

    "safe-buffer": ["safe-buffer@5.2.1", "", {}, "sha512-rp3So07KcdmmKbGvgaNxQSJr7bGVSVk5S9Eq1F+ppbRo70+YeaDxkw5Dd8NPN+GD6bjnYm2VuPuCXmpuYvmCXQ=="],

    "serialize-javascript": ["serialize-javascript@6.0.2", "", { "dependencies": { "randombytes": "^2.1.0" } }, "sha512-Saa1xPByTTq2gdeFZYLLo+RFE35NHZkAbqZeWNd3BpzppeVisAqpDjcp8dyf6uIvEqJRd46jemmyA4iFIeVk8g=="],

    "strtok3": ["strtok3@10.3.4", "", { "dependencies": { "@tokenizer/token": "^0.3.0" } }, "sha512-KIy5nylvC5le1OdaaoCJ07L+8iQzJHGH6pWDuzS+d07Cu7n1MZ2x26P8ZKIWfbK02+XIL8Mp4RkWeqdUCrDMfg=="],

    "to-regex-range": ["to-regex-range@5.0.1", "", { "dependencies": { "is-number": "^7.0.0" } }, "sha512-65P7iz6X5yEr1cwcgvQxbbIw7Uk3gOy5dIdtZ4rDveLqhrdJP+Li/Hx6tyK0NEb+2GCyneCMJiGqrADCSNk8sQ=="],

    "token-types": ["token-types@6.1.2", "", { "dependencies": { "@borewit/text-codec": "^0.2.1", "@tokenizer/token": "^0.3.0", "ieee754": "^1.2.1" } }, "sha512-dRXchy+C0IgK8WPC6xvCHFRIWYUbqqdEIKPaKo/AcTUNzwLTK6AH7RjdLWsEZcAN/TBdtfUw3PYEgPr5VPr6ww=="],

    "ts-morph": ["ts-morph@21.0.1", "", { "dependencies": { "@ts-morph/common": "~0.22.0", "code-block-writer": "^12.0.0" } }, "sha512-dbDtVdEAncKctzrVZ+Nr7kHpHkv+0JDJb2MjjpBaj8bFeCkePU9rHfMklmhuLFnpeq/EJZk2IhStY6NzqgjOkg=="],

    "typescript": ["typescript@5.9.3", "", { "bin": { "tsc": "bin/tsc", "tsserver": "bin/tsserver" } }, "sha512-jl1vZzPDinLr9eUt3J/t7V6FgNEw9QjvBPdysz9KfQDD41fQrC2Y4vKQdiaUpFT4bXlb1RHhLpp8wtm6M5TgSw=="],

    "uint8array-extras": ["uint8array-extras@1.5.0", "", {}, "sha512-rvKSBiC5zqCCiDZ9kAOszZcDvdAHwwIKJG33Ykj43OKcWsnmcBRL09YTU4nOeHZ8Y2a7l1MgTd08SBe9A8Qj6A=="],

    "undici-types": ["undici-types@7.16.0", "", {}, "sha512-Zz+aZWSj8LE6zoxD+xrjh4VfkIG8Ya6LvYkZqtUQGJPZjYl53ypCaUwWqo7eI0x66KBGeRo+mlBEkMSeSZ38Nw=="],
  }
}
